
Microsoft Visual Studio Solution File, Format Version 12.00
# Visual Studio Version 17
VisualStudioVersion = 17.0.32112.339
MinimumVisualStudioVersion = 10.0.40219.1
Project("{FAE04EC0-301F-11D3-BF4B-00C04F79EFBC}") = "IslandWorkshop", "IslandWorkshop\IslandWorkshop.csproj", "{20B2130C-BD00-4D77-89BC-419F592EB7A9}"
EndProject
Global
	GlobalSection(SolutionConfigurationPlatforms) = preSolution
		Debug|Any CPU = Debug|Any CPU
		Release|Any CPU = Release|Any CPU
	EndGlobalSection
	GlobalSection(ProjectConfigurationPlatforms) = postSolution
		{20B2130C-BD00-4D77-89BC-419F592EB7A9}.Debug|Any CPU.ActiveCfg = Debug|Any CPU
		{20B2130C-BD00-4D77-89BC-419F592EB7A9}.Debug|Any CPU.Build.0 = Debug|Any CPU
		{20B2130C-BD00-4D77-89BC-419F592EB7A9}.Release|Any CPU.ActiveCfg = Release|Any CPU
		{20B2130C-BD00-4D77-89BC-419F592EB7A9}.Release|Any CPU.Build.0 = Release|Any CPU
	EndGlobalSection
	GlobalSection(SolutionProperties) = preSolution
		HideSolutionNode = FALSE
	EndGlobalSection
	GlobalSection(ExtensibilityGlobals) = postSolution
		SolutionGuid = {98112D53-8F8A-45ED-A3C9-F542893B11A5}
	EndGlobalSection
EndGlobal
